
Microsoft Visual Studio Solution File, Format Version 12.00
# Visual Studio Version 17
VisualStudioVersion = 17.0.31919.166
MinimumVisualStudioVersion = 10.0.40219.1
Project("{FAE04EC0-301F-11D3-BF4B-00C04F79EFBC}") = "CodingEvents", "CodingEvents.csproj", "{CF753947-EB4D-43A7-9919-30CC933C655B}"
EndProject
Global
	GlobalSection(SolutionConfigurationPlatforms) = preSolution
		Debug|Any CPU = Debug|Any CPU
		Release|Any CPU = Release|Any CPU
	EndGlobalSection
	GlobalSection(ProjectConfigurationPlatforms) = postSolution
		{CF753947-EB4D-43A7-9919-30CC933C655B}.Debug|Any CPU.ActiveCfg = Debug|Any CPU
		{CF753947-EB4D-43A7-9919-30CC933C655B}.Debug|Any CPU.Build.0 = Debug|Any CPU
		{CF753947-EB4D-43A7-9919-30CC933C655B}.Release|Any CPU.ActiveCfg = Release|Any CPU
		{CF753947-EB4D-43A7-9919-30CC933C655B}.Release|Any CPU.Build.0 = Release|Any CPU
	EndGlobalSection
	GlobalSection(SolutionProperties) = preSolution
		HideSolutionNode = FALSE
	EndGlobalSection
	GlobalSection(ExtensibilityGlobals) = postSolution
		SolutionGuid = {378AB14C-0048-4EFC-A6B2-34FA95A1C8D4}
	EndGlobalSection
EndGlobal
